
Microsoft Visual Studio Solution File, Format Version 12.00
# Visual Studio 15
VisualStudioVersion = 15.0.26124.0
MinimumVisualStudioVersion = 15.0.26124.0
Project("{2150E333-8FDC-42A3-9474-1A3956D46DE8}") = "practice", "practice", "{E29BE34C-A6E0-4552-97CB-94F759E4C0BF}"
EndProject
Project("{FAE04EC0-301F-11D3-BF4B-00C04F79EFBC}") = "DataBase", "practice\DataBase\DataBase.csproj", "{24848569-C3B8-4320-8796-E35E13837696}"
EndProject
Project("{FAE04EC0-301F-11D3-BF4B-00C04F79EFBC}") = "HelloDataBase", "practice\HelloDataBase\HelloDataBase.csproj", "{EC29048C-0ED9-4D9E-8622-E43625E01093}"
EndProject
Global
	GlobalSection(SolutionConfigurationPlatforms) = preSolution
		Debug|Any CPU = Debug|Any CPU
		Debug|x64 = Debug|x64
		Debug|x86 = Debug|x86
		Release|Any CPU = Release|Any CPU
		Release|x64 = Release|x64
		Release|x86 = Release|x86
	EndGlobalSection
	GlobalSection(SolutionProperties) = preSolution
		HideSolutionNode = FALSE
	EndGlobalSection
	GlobalSection(ProjectConfigurationPlatforms) = postSolution
		{24848569-C3B8-4320-8796-E35E13837696}.Debug|Any CPU.ActiveCfg = Debug|Any CPU
		{24848569-C3B8-4320-8796-E35E13837696}.Debug|Any CPU.Build.0 = Debug|Any CPU
		{24848569-C3B8-4320-8796-E35E13837696}.Debug|x64.ActiveCfg = Debug|Any CPU
		{24848569-C3B8-4320-8796-E35E13837696}.Debug|x64.Build.0 = Debug|Any CPU
		{24848569-C3B8-4320-8796-E35E13837696}.Debug|x86.ActiveCfg = Debug|Any CPU
		{24848569-C3B8-4320-8796-E35E13837696}.Debug|x86.Build.0 = Debug|Any CPU
		{24848569-C3B8-4320-8796-E35E13837696}.Release|Any CPU.ActiveCfg = Release|Any CPU
		{24848569-C3B8-4320-8796-E35E13837696}.Release|Any CPU.Build.0 = Release|Any CPU
		{24848569-C3B8-4320-8796-E35E13837696}.Release|x64.ActiveCfg = Release|Any CPU
		{24848569-C3B8-4320-8796-E35E13837696}.Release|x64.Build.0 = Release|Any CPU
		{24848569-C3B8-4320-8796-E35E13837696}.Release|x86.ActiveCfg = Release|Any CPU
		{24848569-C3B8-4320-8796-E35E13837696}.Release|x86.Build.0 = Release|Any CPU
		{EC29048C-0ED9-4D9E-8622-E43625E01093}.Debug|Any CPU.ActiveCfg = Debug|Any CPU
		{EC29048C-0ED9-4D9E-8622-E43625E01093}.Debug|Any CPU.Build.0 = Debug|Any CPU
		{EC29048C-0ED9-4D9E-8622-E43625E01093}.Debug|x64.ActiveCfg = Debug|Any CPU
		{EC29048C-0ED9-4D9E-8622-E43625E01093}.Debug|x64.Build.0 = Debug|Any CPU
		{EC29048C-0ED9-4D9E-8622-E43625E01093}.Debug|x86.ActiveCfg = Debug|Any CPU
		{EC29048C-0ED9-4D9E-8622-E43625E01093}.Debug|x86.Build.0 = Debug|Any CPU
		{EC29048C-0ED9-4D9E-8622-E43625E01093}.Release|Any CPU.ActiveCfg = Release|Any CPU
		{EC29048C-0ED9-4D9E-8622-E43625E01093}.Release|Any CPU.Build.0 = Release|Any CPU
		{EC29048C-0ED9-4D9E-8622-E43625E01093}.Release|x64.ActiveCfg = Release|Any CPU
		{EC29048C-0ED9-4D9E-8622-E43625E01093}.Release|x64.Build.0 = Release|Any CPU
		{EC29048C-0ED9-4D9E-8622-E43625E01093}.Release|x86.ActiveCfg = Release|Any CPU
		{EC29048C-0ED9-4D9E-8622-E43625E01093}.Release|x86.Build.0 = Release|Any CPU
	EndGlobalSection
	GlobalSection(NestedProjects) = preSolution
		{24848569-C3B8-4320-8796-E35E13837696} = {E29BE34C-A6E0-4552-97CB-94F759E4C0BF}
		{EC29048C-0ED9-4D9E-8622-E43625E01093} = {E29BE34C-A6E0-4552-97CB-94F759E4C0BF}
	EndGlobalSection
EndGlobal
