
Microsoft Visual Studio Solution File, Format Version 12.00
# Visual Studio 15
VisualStudioVersion = 15.0.26124.0
MinimumVisualStudioVersion = 15.0.26124.0
Project("{2150E333-8FDC-42A3-9474-1A3956D46DE8}") = "practice", "practice", "{AEF63696-7A06-44D4-BB75-5351D0B0EACD}"
EndProject
Project("{FAE04EC0-301F-11D3-BF4B-00C04F79EFBC}") = "DataBase", "practice\DataBase\DataBase.csproj", "{4684ED15-2D60-4923-95F1-81F19E75D4C8}"
EndProject
Project("{FAE04EC0-301F-11D3-BF4B-00C04F79EFBC}") = "HelloDataBase", "practice\HelloDataBase\HelloDataBase.csproj", "{BDE98C71-F52F-4C77-AA5F-72B751E0AAE6}"
EndProject
Global
	GlobalSection(SolutionConfigurationPlatforms) = preSolution
		Debug|Any CPU = Debug|Any CPU
		Debug|x64 = Debug|x64
		Debug|x86 = Debug|x86
		Release|Any CPU = Release|Any CPU
		Release|x64 = Release|x64
		Release|x86 = Release|x86
	EndGlobalSection
	GlobalSection(SolutionProperties) = preSolution
		HideSolutionNode = FALSE
	EndGlobalSection
	GlobalSection(ProjectConfigurationPlatforms) = postSolution
		{4684ED15-2D60-4923-95F1-81F19E75D4C8}.Debug|Any CPU.ActiveCfg = Debug|Any CPU
		{4684ED15-2D60-4923-95F1-81F19E75D4C8}.Debug|Any CPU.Build.0 = Debug|Any CPU
		{4684ED15-2D60-4923-95F1-81F19E75D4C8}.Debug|x64.ActiveCfg = Debug|Any CPU
		{4684ED15-2D60-4923-95F1-81F19E75D4C8}.Debug|x64.Build.0 = Debug|Any CPU
		{4684ED15-2D60-4923-95F1-81F19E75D4C8}.Debug|x86.ActiveCfg = Debug|Any CPU
		{4684ED15-2D60-4923-95F1-81F19E75D4C8}.Debug|x86.Build.0 = Debug|Any CPU
		{4684ED15-2D60-4923-95F1-81F19E75D4C8}.Release|Any CPU.ActiveCfg = Release|Any CPU
		{4684ED15-2D60-4923-95F1-81F19E75D4C8}.Release|Any CPU.Build.0 = Release|Any CPU
		{4684ED15-2D60-4923-95F1-81F19E75D4C8}.Release|x64.ActiveCfg = Release|Any CPU
		{4684ED15-2D60-4923-95F1-81F19E75D4C8}.Release|x64.Build.0 = Release|Any CPU
		{4684ED15-2D60-4923-95F1-81F19E75D4C8}.Release|x86.ActiveCfg = Release|Any CPU
		{4684ED15-2D60-4923-95F1-81F19E75D4C8}.Release|x86.Build.0 = Release|Any CPU
		{BDE98C71-F52F-4C77-AA5F-72B751E0AAE6}.Debug|Any CPU.ActiveCfg = Debug|Any CPU
		{BDE98C71-F52F-4C77-AA5F-72B751E0AAE6}.Debug|Any CPU.Build.0 = Debug|Any CPU
		{BDE98C71-F52F-4C77-AA5F-72B751E0AAE6}.Debug|x64.ActiveCfg = Debug|Any CPU
		{BDE98C71-F52F-4C77-AA5F-72B751E0AAE6}.Debug|x64.Build.0 = Debug|Any CPU
		{BDE98C71-F52F-4C77-AA5F-72B751E0AAE6}.Debug|x86.ActiveCfg = Debug|Any CPU
		{BDE98C71-F52F-4C77-AA5F-72B751E0AAE6}.Debug|x86.Build.0 = Debug|Any CPU
		{BDE98C71-F52F-4C77-AA5F-72B751E0AAE6}.Release|Any CPU.ActiveCfg = Release|Any CPU
		{BDE98C71-F52F-4C77-AA5F-72B751E0AAE6}.Release|Any CPU.Build.0 = Release|Any CPU
		{BDE98C71-F52F-4C77-AA5F-72B751E0AAE6}.Release|x64.ActiveCfg = Release|Any CPU
		{BDE98C71-F52F-4C77-AA5F-72B751E0AAE6}.Release|x64.Build.0 = Release|Any CPU
		{BDE98C71-F52F-4C77-AA5F-72B751E0AAE6}.Release|x86.ActiveCfg = Release|Any CPU
		{BDE98C71-F52F-4C77-AA5F-72B751E0AAE6}.Release|x86.Build.0 = Release|Any CPU
	EndGlobalSection
	GlobalSection(NestedProjects) = preSolution
		{4684ED15-2D60-4923-95F1-81F19E75D4C8} = {AEF63696-7A06-44D4-BB75-5351D0B0EACD}
		{BDE98C71-F52F-4C77-AA5F-72B751E0AAE6} = {AEF63696-7A06-44D4-BB75-5351D0B0EACD}
	EndGlobalSection
EndGlobal
